
Microsoft Visual Studio Solution File, Format Version 12.00
# Visual Studio Version 17
VisualStudioVersion = 17.14.36414.22 d17.14
MinimumVisualStudioVersion = 10.0.40219.1
Project("{FAE04EC0-301F-11D3-BF4B-00C04F79EFBC}") = "WebApplication1", "WebApplication1\WebApplication1.csproj", "{77FC1EE2-805A-46F3-AE10-D5B3C1747C9F}"
EndProject
Global
	GlobalSection(SolutionConfigurationPlatforms) = preSolution
		Debug|Any CPU = Debug|Any CPU
		Release|Any CPU = Release|Any CPU
	EndGlobalSection
	GlobalSection(ProjectConfigurationPlatforms) = postSolution
		{77FC1EE2-805A-46F3-AE10-D5B3C1747C9F}.Debug|Any CPU.ActiveCfg = Debug|Any CPU
		{77FC1EE2-805A-46F3-AE10-D5B3C1747C9F}.Debug|Any CPU.Build.0 = Debug|Any CPU
		{77FC1EE2-805A-46F3-AE10-D5B3C1747C9F}.Release|Any CPU.ActiveCfg = Release|Any CPU
		{77FC1EE2-805A-46F3-AE10-D5B3C1747C9F}.Release|Any CPU.Build.0 = Release|Any CPU
	EndGlobalSection
	GlobalSection(SolutionProperties) = preSolution
		HideSolutionNode = FALSE
	EndGlobalSection
	GlobalSection(ExtensibilityGlobals) = postSolution
		SolutionGuid = {1ABAA55E-2750-4AC8-979B-49098262C41D}
	EndGlobalSection
EndGlobal
